
Microsoft Visual Studio Solution File, Format Version 12.00
# Visual Studio Version 17
VisualStudioVersion = 17.0.32112.339
MinimumVisualStudioVersion = 10.0.40219.1
Project("{9A19103F-16F7-4668-BE54-9A1E7A4F7556}") = "Glossary of Terms", "ASP.NET Core MVC\Glossary of Terms.csproj", "{77FDBB0C-8BB8-4833-97C9-C8F8FA78B1F4}"
EndProject
Global
	GlobalSection(SolutionConfigurationPlatforms) = preSolution
		Debug|Any CPU = Debug|Any CPU
		Release|Any CPU = Release|Any CPU
	EndGlobalSection
	GlobalSection(ProjectConfigurationPlatforms) = postSolution
		{77FDBB0C-8BB8-4833-97C9-C8F8FA78B1F4}.Debug|Any CPU.ActiveCfg = Debug|Any CPU
		{77FDBB0C-8BB8-4833-97C9-C8F8FA78B1F4}.Debug|Any CPU.Build.0 = Debug|Any CPU
		{77FDBB0C-8BB8-4833-97C9-C8F8FA78B1F4}.Release|Any CPU.ActiveCfg = Release|Any CPU
		{77FDBB0C-8BB8-4833-97C9-C8F8FA78B1F4}.Release|Any CPU.Build.0 = Release|Any CPU
	EndGlobalSection
	GlobalSection(SolutionProperties) = preSolution
		HideSolutionNode = FALSE
	EndGlobalSection
	GlobalSection(ExtensibilityGlobals) = postSolution
		SolutionGuid = {B1DA7148-3C4E-4432-90D1-42AF8F9E2368}
	EndGlobalSection
EndGlobal
